// !$*UTF8*$!
{
	archiveVersion = 1;
	classes = {
	};
	objectVersion = 56;
	objects = {

/* Begin PBXBuildFile section */
		157DE65929130C4100EA14F6 /* AppDelegate.swift in Sources */ = {isa = PBXBuildFile; fileRef = 157DE65829130C4100EA14F6 /* AppDelegate.swift */; };
		157DE65B29130C4100EA14F6 /* SceneDelegate.swift in Sources */ = {isa = PBXBuildFile; fileRef = 157DE65A29130C4100EA14F6 /* SceneDelegate.swift */; };
		157DE65D29130C4100EA14F6 /* ViewController.swift in Sources */ = {isa = PBXBuildFile; fileRef = 157DE65C29130C4100EA14F6 /* ViewController.swift */; };
		157DE66029130C4100EA14F6 /* Main.storyboard in Resources */ = {isa = PBXBuildFile; fileRef = 157DE65E29130C4100EA14F6 /* Main.storyboard */; };
		157DE66229130C4300EA14F6 /* Assets.xcassets in Resources */ = {isa = PBXBuildFile; fileRef = 157DE66129130C4300EA14F6 /* Assets.xcassets */; };
		157DE66529130C4300EA14F6 /* LaunchScreen.storyboard in Resources */ = {isa = PBXBuildFile; fileRef = 157DE66329130C4300EA14F6 /* LaunchScreen.storyboard */; };
		157DE66D2913256800EA14F6 /* ImageCell.swift in Sources */ = {isa = PBXBuildFile; fileRef = 157DE66C2913256800EA14F6 /* ImageCell.swift */; };
		157DE679291334AE00EA14F6 /* nssl0049.jpg in Resources */ = {isa = PBXBuildFile; fileRef = 157DE66F291334AD00EA14F6 /* nssl0049.jpg */; };
		157DE67A291334AE00EA14F6 /* nssl0046.jpg in Resources */ = {isa = PBXBuildFile; fileRef = 157DE670291334AD00EA14F6 /* nssl0046.jpg */; };
		157DE67B291334AE00EA14F6 /* nssl0091.jpg in Resources */ = {isa = PBXBuildFile; fileRef = 157DE671291334AD00EA14F6 /* nssl0091.jpg */; };
		157DE67C291334AE00EA14F6 /* nssl0045.jpg in Resources */ = {isa = PBXBuildFile; fileRef = 157DE672291334AD00EA14F6 /* nssl0045.jpg */; };
		157DE67D291334AE00EA14F6 /* nssl0051.jpg in Resources */ = {isa = PBXBuildFile; fileRef = 157DE673291334AD00EA14F6 /* nssl0051.jpg */; };
		157DE67E291334AE00EA14F6 /* nssl0041.jpg in Resources */ = {isa = PBXBuildFile; fileRef = 157DE674291334AD00EA14F6 /* nssl0041.jpg */; };
		157DE67F291334AE00EA14F6 /* nssl0042.jpg in Resources */ = {isa = PBXBuildFile; fileRef = 157DE675291334AD00EA14F6 /* nssl0042.jpg */; };
		157DE680291334AE00EA14F6 /* nssl0043.jpg in Resources */ = {isa = PBXBuildFile; fileRef = 157DE676291334AD00EA14F6 /* nssl0043.jpg */; };
		157DE681291334AE00EA14F6 /* nssl0033.jpg in Resources */ = {isa = PBXBuildFile; fileRef = 157DE677291334AD00EA14F6 /* nssl0033.jpg */; };
		157DE682291334AE00EA14F6 /* nssl0034.jpg in Resources */ = {isa = PBXBuildFile; fileRef = 157DE678291334AD00EA14F6 /* nssl0034.jpg */; };
		157DE6842913434000EA14F6 /* DetailViewController.swift in Sources */ = {isa = PBXBuildFile; fileRef = 157DE6832913434000EA14F6 /* DetailViewController.swift */; };
/* End PBXBuildFile section */

/* Begin PBXFileReference section */
		157DE65529130C4100EA14F6 /* Storm Viewer 2.app */ = {isa = PBXFileReference; explicitFileType = wrapper.application; includeInIndex = 0; path = "Storm Viewer 2.app"; sourceTree = BUILT_PRODUCTS_DIR; };
		157DE65829130C4100EA14F6 /* AppDelegate.swift */ = {isa = PBXFileReference; lastKnownFileType = sourcecode.swift; path = AppDelegate.swift; sourceTree = "<group>"; };
		157DE65A29130C4100EA14F6 /* SceneDelegate.swift */ = {isa = PBXFileReference; lastKnownFileType = sourcecode.swift; path = SceneDelegate.swift; sourceTree = "<group>"; };
		157DE65C29130C4100EA14F6 /* ViewController.swift */ = {isa = PBXFileReference; lastKnownFileType = sourcecode.swift; path = ViewController.swift; sourceTree = "<group>"; };
		157DE65F29130C4100EA14F6 /* Base */ = {isa = PBXFileReference; lastKnownFileType = file.storyboard; name = Base; path = Base.lproj/Main.storyboard; sourceTree = "<group>"; };
		157DE66129130C4300EA14F6 /* Assets.xcassets */ = {isa = PBXFileReference; lastKnownFileType = folder.assetcatalog; path = Assets.xcassets; sourceTree = "<group>"; };
		157DE66429130C4300EA14F6 /* Base */ = {isa = PBXFileReference; lastKnownFileType = file.storyboard; name = Base; path = Base.lproj/LaunchScreen.storyboard; sourceTree = "<group>"; };
		157DE66629130C4300EA14F6 /* Info.plist */ = {isa = PBXFileReference; lastKnownFileType = text.plist.xml; path = Info.plist; sourceTree = "<group>"; };
		157DE66C2913256800EA14F6 /* ImageCell.swift */ = {isa = PBXFileReference; lastKnownFileType = sourcecode.swift; path = ImageCell.swift; sourceTree = "<group>"; };
		157DE66F291334AD00EA14F6 /* nssl0049.jpg */ = {isa = PBXFileReference; lastKnownFileType = image.jpeg; path = nssl0049.jpg; sourceTree = "<group>"; };
		157DE670291334AD00EA14F6 /* nssl0046.jpg */ = {isa = PBXFileReference; lastKnownFileType = image.jpeg; path = nssl0046.jpg; sourceTree = "<group>"; };
		157DE671291334AD00EA14F6 /* nssl0091.jpg */ = {isa = PBXFileReference; lastKnownFileType = image.jpeg; path = nssl0091.jpg; sourceTree = "<group>"; };
		157DE672291334AD00EA14F6 /* nssl0045.jpg */ = {isa = PBXFileReference; lastKnownFileType = image.jpeg; path = nssl0045.jpg; sourceTree = "<group>"; };
		157DE673291334AD00EA14F6 /* nssl0051.jpg */ = {isa = PBXFileReference; lastKnownFileType = image.jpeg; path = nssl0051.jpg; sourceTree = "<group>"; };
		157DE674291334AD00EA14F6 /* nssl0041.jpg */ = {isa = PBXFileReference; lastKnownFileType = image.jpeg; path = nssl0041.jpg; sourceTree = "<group>"; };
		157DE675291334AD00EA14F6 /* nssl0042.jpg */ = {isa = PBXFileReference; lastKnownFileType = image.jpeg; path = nssl0042.jpg; sourceTree = "<group>"; };
		157DE676291334AD00EA14F6 /* nssl0043.jpg */ = {isa = PBXFileReference; lastKnownFileType = image.jpeg; path = nssl0043.jpg; sourceTree = "<group>"; };
		157DE677291334AD00EA14F6 /* nssl0033.jpg */ = {isa = PBXFileReference; lastKnownFileType = image.jpeg; path = nssl0033.jpg; sourceTree = "<group>"; };
		157DE678291334AD00EA14F6 /* nssl0034.jpg */ = {isa = PBXFileReference; lastKnownFileType = image.jpeg; path = nssl0034.jpg; sourceTree = "<group>"; };
		157DE6832913434000EA14F6 /* DetailViewController.swift */ = {isa = PBXFileReference; lastKnownFileType = sourcecode.swift; path = DetailViewController.swift; sourceTree = "<group>"; };
/* End PBXFileReference section */

/* Begin PBXFrameworksBuildPhase section */
		157DE65229130C4100EA14F6 /* Frameworks */ = {
			isa = PBXFrameworksBuildPhase;
			buildActionMask = 2147483647;
			files = (
			);
			runOnlyForDeploymentPostprocessing = 0;
		};
/* End PBXFrameworksBuildPhase section */

/* Begin PBXGroup section */
		157DE64C29130C4100EA14F6 = {
			isa = PBXGroup;
			children = (
				157DE65729130C4100EA14F6 /* Storm Viewer 2 */,
				157DE65629130C4100EA14F6 /* Products */,
			);
			sourceTree = "<group>";
		};
		157DE65629130C4100EA14F6 /* Products */ = {
			isa = PBXGroup;
			children = (
				157DE65529130C4100EA14F6 /* Storm Viewer 2.app */,
			);
			name = Products;
			sourceTree = "<group>";
		};
		157DE65729130C4100EA14F6 /* Storm Viewer 2 */ = {
			isa = PBXGroup;
			children = (
				157DE65829130C4100EA14F6 /* AppDelegate.swift */,
				157DE65A29130C4100EA14F6 /* SceneDelegate.swift */,
				157DE6852913434F00EA14F6 /* Controllers */,
				157DE66C2913256800EA14F6 /* ImageCell.swift */,
				157DE65E29130C4100EA14F6 /* Main.storyboard */,
				157DE66129130C4300EA14F6 /* Assets.xcassets */,
				157DE66329130C4300EA14F6 /* LaunchScreen.storyboard */,
				157DE66629130C4300EA14F6 /* Info.plist */,
				157DE66E291334AD00EA14F6 /* Content */,
			);
			path = "Storm Viewer 2";
			sourceTree = "<group>";
		};
		157DE66E291334AD00EA14F6 /* Content */ = {
			isa = PBXGroup;
			children = (
				157DE66F291334AD00EA14F6 /* nssl0049.jpg */,
				157DE670291334AD00EA14F6 /* nssl0046.jpg */,
				157DE671291334AD00EA14F6 /* nssl0091.jpg */,
				157DE672291334AD00EA14F6 /* nssl0045.jpg */,
				157DE673291334AD00EA14F6 /* nssl0051.jpg */,
				157DE674291334AD00EA14F6 /* nssl0041.jpg */,
				157DE675291334AD00EA14F6 /* nssl0042.jpg */,
				157DE676291334AD00EA14F6 /* nssl0043.jpg */,
				157DE677291334AD00EA14F6 /* nssl0033.jpg */,
				157DE678291334AD00EA14F6 /* nssl0034.jpg */,
			);
			path = Content;
			sourceTree = "<group>";
		};
		157DE6852913434F00EA14F6 /* Controllers */ = {
			isa = PBXGroup;
			children = (
				157DE65C29130C4100EA14F6 /* ViewController.swift */,
				157DE6832913434000EA14F6 /* DetailViewController.swift */,
			);
			path = Controllers;
			sourceTree = "<group>";
		};
/* End PBXGroup section */

/* Begin PBXNativeTarget section */
		157DE65429130C4100EA14F6 /* Storm Viewer 2 */ = {
			isa = PBXNativeTarget;
			buildConfigurationList = 157DE66929130C4300EA14F6 /* Build configuration list for PBXNativeTarget "Storm Viewer 2" */;
			buildPhases = (
				157DE65129130C4100EA14F6 /* Sources */,
				157DE65229130C4100EA14F6 /* Frameworks */,
				157DE65329130C4100EA14F6 /* Resources */,
			);
			buildRules = (
			);
			dependencies = (
			);
			name = "Storm Viewer 2";
			productName = "Storm Viewer 2";
			productReference = 157DE65529130C4100EA14F6 /* Storm Viewer 2.app */;
			productType = "com.apple.product-type.application";
		};
/* End PBXNativeTarget section */

/* Begin PBXProject section */
		157DE64D29130C4100EA14F6 /* Project object */ = {
			isa = PBXProject;
			attributes = {
				BuildIndependentTargetsInParallel = 1;
				LastSwiftUpdateCheck = 1410;
				LastUpgradeCheck = 1410;
				TargetAttributes = {
					157DE65429130C4100EA14F6 = {
						CreatedOnToolsVersion = 14.1;
					};
				};
			};
			buildConfigurationList = 157DE65029130C4100EA14F6 /* Build configuration list for PBXProject "Storm Viewer 2" */;
			compatibilityVersion = "Xcode 14.0";
			developmentRegion = en;
			hasScannedForEncodings = 0;
			knownRegions = (
				en,
				Base,
			);
			mainGroup = 157DE64C29130C4100EA14F6;
			productRefGroup = 157DE65629130C4100EA14F6 /* Products */;
			projectDirPath = "";
			projectRoot = "";
			targets = (
				157DE65429130C4100EA14F6 /* Storm Viewer 2 */,
			);
		};
/* End PBXProject section */

/* Begin PBXResourcesBuildPhase section */
		157DE65329130C4100EA14F6 /* Resources */ = {
			isa = PBXResourcesBuildPhase;
			buildActionMask = 2147483647;
			files = (
				157DE67A291334AE00EA14F6 /* nssl0046.jpg in Resources */,
				157DE681291334AE00EA14F6 /* nssl0033.jpg in Resources */,
				157DE67D291334AE00EA14F6 /* nssl0051.jpg in Resources */,
				157DE67B291334AE00EA14F6 /* nssl0091.jpg in Resources */,
				157DE680291334AE00EA14F6 /* nssl0043.jpg in Resources */,
				157DE682291334AE00EA14F6 /* nssl0034.jpg in Resources */,
				157DE679291334AE00EA14F6 /* nssl0049.jpg in Resources */,
				157DE67E291334AE00EA14F6 /* nssl0041.jpg in Resources */,
				157DE67F291334AE00EA14F6 /* nssl0042.jpg in Resources */,
				157DE66529130C4300EA14F6 /* LaunchScreen.storyboard in Resources */,
				157DE66229130C4300EA14F6 /* Assets.xcassets in Resources */,
				157DE67C291334AE00EA14F6 /* nssl0045.jpg in Resources */,
				157DE66029130C4100EA14F6 /* Main.storyboard in Resources */,
			);
			runOnlyForDeploymentPostprocessing = 0;
		};
/* End PBXResourcesBuildPhase section */

/* Begin PBXSourcesBuildPhase section */
		157DE65129130C4100EA14F6 /* Sources */ = {
			isa = PBXSourcesBuildPhase;
			buildActionMask = 2147483647;
			files = (
				157DE65D29130C4100EA14F6 /* ViewController.swift in Sources */,
				157DE66D2913256800EA14F6 /* ImageCell.swift in Sources */,
				157DE6842913434000EA14F6 /* DetailViewController.swift in Sources */,
				157DE65929130C4100EA14F6 /* AppDelegate.swift in Sources */,
				157DE65B29130C4100EA14F6 /* SceneDelegate.swift in Sources */,
			);
			runOnlyForDeploymentPostprocessing = 0;
		};
/* End PBXSourcesBuildPhase section */

/* Begin PBXVariantGroup section */
		157DE65E29130C4100EA14F6 /* Main.storyboard */ = {
			isa = PBXVariantGroup;
			children = (
				157DE65F29130C4100EA14F6 /* Base */,
			);
			name = Main.storyboard;
			sourceTree = "<group>";
		};
		157DE66329130C4300EA14F6 /* LaunchScreen.storyboard */ = {
			isa = PBXVariantGroup;
			children = (
				157DE66429130C4300EA14F6 /* Base */,
			);
			name = LaunchScreen.storyboard;
			sourceTree = "<group>";
		};
/* End PBXVariantGroup section */

/* Begin XCBuildConfiguration section */
		157DE66729130C4300EA14F6 /* Debug */ = {
			isa = XCBuildConfiguration;
			buildSettings = {
				ALWAYS_SEARCH_USER_PATHS = NO;
				CLANG_ANALYZER_NONNULL = YES;
				CLANG_ANALYZER_NUMBER_OBJECT_CONVERSION = YES_AGGRESSIVE;
				CLANG_CXX_LANGUAGE_STANDARD = "gnu++20";
				CLANG_ENABLE_MODULES = YES;
				CLANG_ENABLE_OBJC_ARC = YES;
				CLANG_ENABLE_OBJC_WEAK = YES;
				CLANG_WARN_BLOCK_CAPTURE_AUTORELEASING = YES;
				CLANG_WARN_BOOL_CONVERSION = YES;
				CLANG_WARN_COMMA = YES;
				CLANG_WARN_CONSTANT_CONVERSION = YES;
				CLANG_WARN_DEPRECATED_OBJC_IMPLEMENTATIONS = YES;
				CLANG_WARN_DIRECT_OBJC_ISA_USAGE = YES_ERROR;
				CLANG_WARN_DOCUMENTATION_COMMENTS = YES;
				CLANG_WARN_EMPTY_BODY = YES;
				CLANG_WARN_ENUM_CONVERSION = YES;
				CLANG_WARN_INFINITE_RECURSION = YES;
				CLANG_WARN_INT_CONVERSION = YES;
				CLANG_WARN_NON_LITERAL_NULL_CONVERSION = YES;
				CLANG_WARN_OBJC_IMPLICIT_RETAIN_SELF = YES;
				CLANG_WARN_OBJC_LITERAL_CONVERSION = YES;
				CLANG_WARN_OBJC_ROOT_CLASS = YES_ERROR;
				CLANG_WARN_QUOTED_INCLUDE_IN_FRAMEWORK_HEADER = YES;
				CLANG_WARN_RANGE_LOOP_ANALYSIS = YES;
				CLANG_WARN_STRICT_PROTOTYPES = YES;
				CLANG_WARN_SUSPICIOUS_MOVE = YES;
				CLANG_WARN_UNGUARDED_AVAILABILITY = YES_AGGRESSIVE;
				CLANG_WARN_UNREACHABLE_CODE = YES;
				CLANG_WARN__DUPLICATE_METHOD_MATCH = YES;
				COPY_PHASE_STRIP = NO;
				DEBUG_INFORMATION_FORMAT = dwarf;
				ENABLE_STRICT_OBJC_MSGSEND = YES;
				ENABLE_TESTABILITY = YES;
				GCC_C_LANGUAGE_STANDARD = gnu11;
				GCC_DYNAMIC_NO_PIC = NO;
				GCC_NO_COMMON_BLOCKS = YES;
				GCC_OPTIMIZATION_LEVEL = 0;
				GCC_PREPROCESSOR_DEFINITIONS = (
					"DEBUG=1",
					"$(inherited)",
				);
				GCC_WARN_64_TO_32_BIT_CONVERSION = YES;
				GCC_WARN_ABOUT_RETURN_TYPE = YES_ERROR;
				GCC_WARN_UNDECLARED_SELECTOR = YES;
				GCC_WARN_UNINITIALIZED_AUTOS = YES_AGGRESSIVE;
				GCC_WARN_UNUSED_FUNCTION = YES;
				GCC_WARN_UNUSED_VARIABLE = YES;
				IPHONEOS_DEPLOYMENT_TARGET = 16.1;
				MTL_ENABLE_DEBUG_INFO = INCLUDE_SOURCE;
				MTL_FAST_MATH = YES;
				ONLY_ACTIVE_ARCH = YES;
				SDKROOT = iphoneos;
				SWIFT_ACTIVE_COMPILATION_CONDITIONS = DEBUG;
				SWIFT_OPTIMIZATION_LEVEL = "-Onone";
			};
			name = Debug;
		};
		157DE66829130C4300EA14F6 /* Release */ = {
			isa = XCBuildConfiguration;
			buildSettings = {
				ALWAYS_SEARCH_USER_PATHS = NO;
				CLANG_ANALYZER_NONNULL = YES;
				CLANG_ANALYZER_NUMBER_OBJECT_CONVERSION = YES_AGGRESSIVE;
				CLANG_CXX_LANGUAGE_STANDARD = "gnu++20";
				CLANG_ENABLE_MODULES = YES;
				CLANG_ENABLE_OBJC_ARC = YES;
				CLANG_ENABLE_OBJC_WEAK = YES;
				CLANG_WARN_BLOCK_CAPTURE_AUTORELEASING = YES;
				CLANG_WARN_BOOL_CONVERSION = YES;
				CLANG_WARN_COMMA = YES;
				CLANG_WARN_CONSTANT_CONVERSION = YES;
				CLANG_WARN_DEPRECATED_OBJC_IMPLEMENTATIONS = YES;
				CLANG_WARN_DIRECT_OBJC_ISA_USAGE = YES_ERROR;
				CLANG_WARN_DOCUMENTATION_COMMENTS = YES;
				CLANG_WARN_EMPTY_BODY = YES;
				CLANG_WARN_ENUM_CONVERSION = YES;
				CLANG_WARN_INFINITE_RECURSION = YES;
				CLANG_WARN_INT_CONVERSION = YES;
				CLANG_WARN_NON_LITERAL_NULL_CONVERSION = YES;
				CLANG_WARN_OBJC_IMPLICIT_RETAIN_SELF = YES;
				CLANG_WARN_OBJC_LITERAL_CONVERSION = YES;
				CLANG_WARN_OBJC_ROOT_CLASS = YES_ERROR;
				CLANG_WARN_QUOTED_INCLUDE_IN_FRAMEWORK_HEADER = YES;
				CLANG_WARN_RANGE_LOOP_ANALYSIS = YES;
				CLANG_WARN_STRICT_PROTOTYPES = YES;
				CLANG_WARN_SUSPICIOUS_MOVE = YES;
				CLANG_WARN_UNGUARDED_AVAILABILITY = YES_AGGRESSIVE;
				CLANG_WARN_UNREACHABLE_CODE = YES;
				CLANG_WARN__DUPLICATE_METHOD_MATCH = YES;
				COPY_PHASE_STRIP = NO;
				DEBUG_INFORMATION_FORMAT = "dwarf-with-dsym";
				ENABLE_NS_ASSERTIONS = NO;
				ENABLE_STRICT_OBJC_MSGSEND = YES;
				GCC_C_LANGUAGE_STANDARD = gnu11;
				GCC_NO_COMMON_BLOCKS = YES;
				GCC_WARN_64_TO_32_BIT_CONVERSION = YES;
				GCC_WARN_ABOUT_RETURN_TYPE = YES_ERROR;
				GCC_WARN_UNDECLARED_SELECTOR = YES;
				GCC_WARN_UNINITIALIZED_AUTOS = YES_AGGRESSIVE;
				GCC_WARN_UNUSED_FUNCTION = YES;
				GCC_WARN_UNUSED_VARIABLE = YES;
				IPHONEOS_DEPLOYMENT_TARGET = 16.1;
				MTL_ENABLE_DEBUG_INFO = NO;
				MTL_FAST_MATH = YES;
				SDKROOT = iphoneos;
				SWIFT_COMPILATION_MODE = wholemodule;
				SWIFT_OPTIMIZATION_LEVEL = "-O";
				VALIDATE_PRODUCT = YES;
			};
			name = Release;
		};
		157DE66A29130C4300EA14F6 /* Debug */ = {
			isa = XCBuildConfiguration;
			buildSettings = {
				ASSETCATALOG_COMPILER_APPICON_NAME = AppIcon;
				ASSETCATALOG_COMPILER_GLOBAL_ACCENT_COLOR_NAME = AccentColor;
				CODE_SIGN_STYLE = Automatic;
				CURRENT_PROJECT_VERSION = 1;
				DEVELOPMENT_TEAM = WXV3R3F3QM;
				GENERATE_INFOPLIST_FILE = YES;
				INFOPLIST_FILE = "Storm Viewer 2/Info.plist";
				INFOPLIST_KEY_UIApplicationSupportsIndirectInputEvents = YES;
				INFOPLIST_KEY_UILaunchStoryboardName = LaunchScreen;
				INFOPLIST_KEY_UIMainStoryboardFile = Main;
				INFOPLIST_KEY_UISupportedInterfaceOrientations_iPad = "UIInterfaceOrientationPortrait UIInterfaceOrientationPortraitUpsideDown UIInterfaceOrientationLandscapeLeft UIInterfaceOrientationLandscapeRight";
				INFOPLIST_KEY_UISupportedInterfaceOrientations_iPhone = "UIInterfaceOrientationPortrait UIInterfaceOrientationLandscapeLeft UIInterfaceOrientationLandscapeRight";
				LD_RUNPATH_SEARCH_PATHS = (
					"$(inherited)",
					"@executable_path/Frameworks",
				);
				MARKETING_VERSION = 1.0;
				PRODUCT_BUNDLE_IDENTIFIER = "com.melisyazici.Storm-Viewer-2";
				PRODUCT_NAME = "$(TARGET_NAME)";
				SWIFT_EMIT_LOC_STRINGS = YES;
				SWIFT_VERSION = 5.0;
				TARGETED_DEVICE_FAMILY = "1,2";
			};
			name = Debug;
		};
		157DE66B29130C4300EA14F6 /* Release */ = {
			isa = XCBuildConfiguration;
			buildSettings = {
				ASSETCATALOG_COMPILER_APPICON_NAME = AppIcon;
				ASSETCATALOG_COMPILER_GLOBAL_ACCENT_COLOR_NAME = AccentColor;
				CODE_SIGN_STYLE = Automatic;
				CURRENT_PROJECT_VERSION = 1;
				DEVELOPMENT_TEAM = WXV3R3F3QM;
				GENERATE_INFOPLIST_FILE = YES;
				INFOPLIST_FILE = "Storm Viewer 2/Info.plist";
				INFOPLIST_KEY_UIApplicationSupportsIndirectInputEvents = YES;
				INFOPLIST_KEY_UILaunchStoryboardName = LaunchScreen;
				INFOPLIST_KEY_UIMainStoryboardFile = Main;
				INFOPLIST_KEY_UISupportedInterfaceOrientations_iPad = "UIInterfaceOrientationPortrait UIInterfaceOrientationPortraitUpsideDown UIInterfaceOrientationLandscapeLeft UIInterfaceOrientationLandscapeRight";
				INFOPLIST_KEY_UISupportedInterfaceOrientations_iPhone = "UIInterfaceOrientationPortrait UIInterfaceOrientationLandscapeLeft UIInterfaceOrientationLandscapeRight";
				LD_RUNPATH_SEARCH_PATHS = (
					"$(inherited)",
					"@executable_path/Frameworks",
				);
				MARKETING_VERSION = 1.0;
				PRODUCT_BUNDLE_IDENTIFIER = "com.melisyazici.Storm-Viewer-2";
				PRODUCT_NAME = "$(TARGET_NAME)";
				SWIFT_EMIT_LOC_STRINGS = YES;
				SWIFT_VERSION = 5.0;
				TARGETED_DEVICE_FAMILY = "1,2";
			};
			name = Release;
		};
/* End XCBuildConfiguration section */

/* Begin XCConfigurationList section */
		157DE65029130C4100EA14F6 /* Build configuration list for PBXProject "Storm Viewer 2" */ = {
			isa = XCConfigurationList;
			buildConfigurations = (
				157DE66729130C4300EA14F6 /* Debug */,
				157DE66829130C4300EA14F6 /* Release */,
			);
			defaultConfigurationIsVisible = 0;
			defaultConfigurationName = Release;
		};
		157DE66929130C4300EA14F6 /* Build configuration list for PBXNativeTarget "Storm Viewer 2" */ = {
			isa = XCConfigurationList;
			buildConfigurations = (
				157DE66A29130C4300EA14F6 /* Debug */,
				157DE66B29130C4300EA14F6 /* Release */,
			);
			defaultConfigurationIsVisible = 0;
			defaultConfigurationName = Release;
		};
/* End XCConfigurationList section */
	};
	rootObject = 157DE64D29130C4100EA14F6 /* Project object */;
}
